
Microsoft Visual Studio Solution File, Format Version 12.00
# Visual Studio Version 17
VisualStudioVersion = 17.5.33516.290
MinimumVisualStudioVersion = 10.0.40219.1
Project("{FAE04EC0-301F-11D3-BF4B-00C04F79EFBC}") = "Anastasia-Vinokurova-KT-31-22", "Anastasia-Vinokurova-KT-31-22\Anastasia-Vinokurova-KT-31-22.csproj", "{50EEA9C6-6860-4F87-8E68-8C177526D6E7}"
EndProject
Global
	GlobalSection(SolutionConfigurationPlatforms) = preSolution
		Debug|Any CPU = Debug|Any CPU
		Release|Any CPU = Release|Any CPU
	EndGlobalSection
	GlobalSection(ProjectConfigurationPlatforms) = postSolution
		{50EEA9C6-6860-4F87-8E68-8C177526D6E7}.Debug|Any CPU.ActiveCfg = Debug|Any CPU
		{50EEA9C6-6860-4F87-8E68-8C177526D6E7}.Debug|Any CPU.Build.0 = Debug|Any CPU
		{50EEA9C6-6860-4F87-8E68-8C177526D6E7}.Release|Any CPU.ActiveCfg = Release|Any CPU
		{50EEA9C6-6860-4F87-8E68-8C177526D6E7}.Release|Any CPU.Build.0 = Release|Any CPU
	EndGlobalSection
	GlobalSection(SolutionProperties) = preSolution
		HideSolutionNode = FALSE
	EndGlobalSection
	GlobalSection(ExtensibilityGlobals) = postSolution
		SolutionGuid = {0225F82B-2107-4E82-9E07-6AD4801912EF}
	EndGlobalSection
EndGlobal
